{
  "name": "codeblock",
  "version": "1.0.0",
  "lockfileVersion": 2,
  "requires": true,
  "packages": {
    "": {
      "name": "codeblock",
      "version": "1.0.0",
      "license": "ISC",
      "dependencies": {
        "bootstrap": "^5.2.3",
        "fs": "^0.0.1-security",
        "loadsh": "^0.0.4",
        "superheroes": "^3.0.0"
      }
    },
    "node_modules/@popperjs/core": {
      "version": "2.11.6",
      "resolved": "https://registry.npmjs.org/@popperjs/core/-/core-2.11.6.tgz",
      "integrity": "sha512-50/17A98tWUfQ176raKiOGXuYpLyyVMkxxG6oylzL3BPOlA6ADGdK7EYunSa4I064xerltq9TGXs8HmOk5E+vw==",
      "peer": true,
      "funding": {
        "type": "opencollective",
        "url": "https://opencollective.com/popperjs"
      }
    },
    "node_modules/bootstrap": {
      "version": "5.2.3",
      "resolved": "https://registry.npmjs.org/bootstrap/-/bootstrap-5.2.3.tgz",
      "integrity": "sha512-cEKPM+fwb3cT8NzQZYEu4HilJ3anCrWqh3CHAok1p9jXqMPsPTBhU25fBckEJHJ/p+tTxTFTsFQGM+gaHpi3QQ==",
      "funding": [
        {
          "type": "github",
          "url": "https://github.com/sponsors/twbs"
        },
        {
          "type": "opencollective",
          "url": "https://opencollective.com/bootstrap"
        }
      ],
      "peerDependencies": {
        "@popperjs/core": "^2.11.6"
      }
    },
    "node_modules/fs": {
      "version": "0.0.1-security",
      "resolved": "https://registry.npmjs.org/fs/-/fs-0.0.1-security.tgz",
      "integrity": "sha512-3XY9e1pP0CVEUCdj5BmfIZxRBTSDycnbqhIOGec9QYtmVH2fbLpj86CFWkrNOkt/Fvty4KZG5lTglL9j/gJ87w=="
    },
    "node_modules/loadsh": {
      "version": "0.0.4",
      "resolved": "https://registry.npmjs.org/loadsh/-/loadsh-0.0.4.tgz",
      "integrity": "sha512-U+wLL8InpfRalWrr+0SuhWgGt10M4OyAk6G8xCYo2rwpiHtxZkWiFpjei0vO463ghW8LPCdhqQxXlMy2qicAEw==",
      "deprecated": "This is a typosquat on the popular Lodash package. This is not maintained nor is the original Lodash package."
    },
    "node_modules/superheroes": {
      "version": "3.0.0",
      "resolved": "https://registry.npmjs.org/superheroes/-/superheroes-3.0.0.tgz",
      "integrity": "sha512-XXXzeKHMnf0rmZItYkGU803JlqYpoxvxzKFoe6k8C4bolcKfLZH716Rm4DyNJhxPTurbzDEB/QC7TXGsoei+ew==",
      "dependencies": {
        "unique-random-array": "^2.0.0"
      },
      "engines": {
        "node": ">=8"
      }
    },
    "node_modules/unique-random": {
      "version": "2.1.0",
      "resolved": "https://registry.npmjs.org/unique-random/-/unique-random-2.1.0.tgz",
      "integrity": "sha512-iQ1ZgWac3b8YxGThecQFRQiqgk6xFERRwHZIWeVVsqlbmgCRl0PY13R4mUkodNgctmg5b5odG1nyW/IbOxQTqg==",
      "engines": {
        "node": ">=6"
      }
    },
    "node_modules/unique-random-array": {
      "version": "2.0.0",
      "resolved": "https://registry.npmjs.org/unique-random-array/-/unique-random-array-2.0.0.tgz",
      "integrity": "sha512-xR87O95fZ7hljw84J8r1YDXrvffPLWN513BNOP4Bv0KcgG5dyEUrHwsvP7mVAOKg4Y80uqRbpUk0GKr8il70qg==",
      "dependencies": {
        "unique-random": "^2.1.0"
      },
      "engines": {
        "node": ">=8"
      }
    }
  },
  "dependencies": {
    "@popperjs/core": {
      "version": "2.11.6",
      "resolved": "https://registry.npmjs.org/@popperjs/core/-/core-2.11.6.tgz",
      "integrity": "sha512-50/17A98tWUfQ176raKiOGXuYpLyyVMkxxG6oylzL3BPOlA6ADGdK7EYunSa4I064xerltq9TGXs8HmOk5E+vw==",
      "peer": true
    },
    "bootstrap": {
      "version": "5.2.3",
      "resolved": "https://registry.npmjs.org/bootstrap/-/bootstrap-5.2.3.tgz",
      "integrity": "sha512-cEKPM+fwb3cT8NzQZYEu4HilJ3anCrWqh3CHAok1p9jXqMPsPTBhU25fBckEJHJ/p+tTxTFTsFQGM+gaHpi3QQ==",
      "requires": {}
    },
    "fs": {
      "version": "0.0.1-security",
      "resolved": "https://registry.npmjs.org/fs/-/fs-0.0.1-security.tgz",
      "integrity": "sha512-3XY9e1pP0CVEUCdj5BmfIZxRBTSDycnbqhIOGec9QYtmVH2fbLpj86CFWkrNOkt/Fvty4KZG5lTglL9j/gJ87w=="
    },
    "loadsh": {
      "version": "0.0.4",
      "resolved": "https://registry.npmjs.org/loadsh/-/loadsh-0.0.4.tgz",
      "integrity": "sha512-U+wLL8InpfRalWrr+0SuhWgGt10M4OyAk6G8xCYo2rwpiHtxZkWiFpjei0vO463ghW8LPCdhqQxXlMy2qicAEw=="
    },
    "superheroes": {
      "version": "3.0.0",
      "resolved": "https://registry.npmjs.org/superheroes/-/superheroes-3.0.0.tgz",
      "integrity": "sha512-XXXzeKHMnf0rmZItYkGU803JlqYpoxvxzKFoe6k8C4bolcKfLZH716Rm4DyNJhxPTurbzDEB/QC7TXGsoei+ew==",
      "requires": {
        "unique-random-array": "^2.0.0"
      }
    },
    "unique-random": {
      "version": "2.1.0",
      "resolved": "https://registry.npmjs.org/unique-random/-/unique-random-2.1.0.tgz",
      "integrity": "sha512-iQ1ZgWac3b8YxGThecQFRQiqgk6xFERRwHZIWeVVsqlbmgCRl0PY13R4mUkodNgctmg5b5odG1nyW/IbOxQTqg=="
    },
    "unique-random-array": {
      "version": "2.0.0",
      "resolved": "https://registry.npmjs.org/unique-random-array/-/unique-random-array-2.0.0.tgz",
      "integrity": "sha512-xR87O95fZ7hljw84J8r1YDXrvffPLWN513BNOP4Bv0KcgG5dyEUrHwsvP7mVAOKg4Y80uqRbpUk0GKr8il70qg==",
      "requires": {
        "unique-random": "^2.1.0"
      }
    }
  }
}
